<?xml version="1.0" encoding="utf-8"?>
<Project ToolsVersion="4.0" xmlns="http://schemas.microsoft.com/developer/msbuild/2003">
  <ItemGroup>
    <Filter Include="gmake">
      <UniqueIdentifier>{6cb7c870-2ab0-4e89-af49-a931ba21ad5d}</UniqueIdentifier>
    </Filter>
    <Filter Include="shared">
      <UniqueIdentifier>{9c2d3068-9818-40e2-9038-4db59e6a4326}</UniqueIdentifier>
    </Filter>
    <Filter Include="shared\CAEP">
      <UniqueIdentifier>{9afae153-d2be-4db8-a637-7ede8cf0fad8}</UniqueIdentifier>
    </Filter>
    <Filter Include="shared\PWP">
      <UniqueIdentifier>{044bddec-82eb-4e32-92a1-4310088c4293}</UniqueIdentifier>
    </Filter>
    <Filter Include="shared\PWGM">
      <UniqueIdentifier>{0201850b-7583-4ba3-8c88-8b71608590b1}</UniqueIdentifier>
    </Filter>
  </ItemGroup>
  <ItemGroup>
    <ClCompile Include="..\shared\CAEP\apiCAEP.cxx">
      <Filter>shared\CAEP</Filter>
    </ClCompile>
    <ClCompile Include="..\shared\CAEP\apiCAEPUtils.cxx">
      <Filter>shared\CAEP</Filter>
    </ClCompile>
    <ClCompile Include="..\shared\PWP\apiPWP.cxx">
      <Filter>shared\PWP</Filter>
    </ClCompile>
    <ClCompile Include="..\shared\PWP\apiPWPUtils.cxx">
      <Filter>shared\PWP</Filter>
    </ClCompile>
    <ClCompile Include="..\shared\PWP\PwpCwd.cxx">
      <Filter>shared\PWP</Filter>
    </ClCompile>
    <ClCompile Include="..\shared\PWP\PwpFile.cxx">
      <Filter>shared\PWP</Filter>
    </ClCompile>
    <ClCompile Include="..\shared\PWP\pwpPlatform.cxx">
      <Filter>shared\PWP</Filter>
    </ClCompile>
    <ClCompile Include="..\shared\PWGM\apiGridModel.cxx">
      <Filter>shared\PWGM</Filter>
    </ClCompile>
    <ClCompile Include="..\shared\PWGM\CaeGridModel.cxx">
      <Filter>shared\PWGM</Filter>
    </ClCompile>
    <ClCompile Include="..\shared\PWGM\CaeUnsGridModel.cxx">
      <Filter>shared\PWGM</Filter>
    </ClCompile>
    <ClCompile Include="runtimeWrite.cxx" />
    <ClCompile Include="CaeUnsDualMesh.cxx" />
    <ClCompile Include="FanSorter.cxx" />
  </ItemGroup>
  <ItemGroup>
    <ClInclude Include="..\shared\CAEP\apiCAEP.h">
      <Filter>shared\CAEP</Filter>
    </ClInclude>
    <ClInclude Include="..\shared\CAEP\apiCAEPUtils.h">
      <Filter>shared\CAEP</Filter>
    </ClInclude>
    <ClInclude Include="..\shared\CAEP\CaePlugin.h">
      <Filter>shared\CAEP</Filter>
    </ClInclude>
    <ClInclude Include="..\shared\CAEP\CaePluginImpl.h">
      <Filter>shared\CAEP</Filter>
    </ClInclude>
    <ClInclude Include="..\shared\CAEP\runtimeWrite.h">
      <Filter>shared\CAEP</Filter>
    </ClInclude>
    <ClInclude Include="..\shared\PWP\apiPWP.h">
      <Filter>shared\PWP</Filter>
    </ClInclude>
    <ClInclude Include="..\shared\PWP\apiPWPUtils.h">
      <Filter>shared\PWP</Filter>
    </ClInclude>
    <ClInclude Include="..\shared\PWP\apiUtils.h">
      <Filter>shared\PWP</Filter>
    </ClInclude>
    <ClInclude Include="..\shared\PWP\PwpCwd.h">
      <Filter>shared\PWP</Filter>
    </ClInclude>
    <ClInclude Include="..\shared\PWP\PwpFile.h">
      <Filter>shared\PWP</Filter>
    </ClInclude>
    <ClInclude Include="..\shared\PWP\PwpAnchoredFileValue.h">
      <Filter>shared\PWP</Filter>
    </ClInclude>
    <ClInclude Include="..\shared\PWP\PwpFileWriter.h">
      <Filter>shared\PWP</Filter>
    </ClInclude>
    <ClInclude Include="..\shared\PWP\pwpPlatform.h">
      <Filter>shared\PWP</Filter>
    </ClInclude>
    <ClInclude Include="..\shared\PWGM\apiGridModel.h">
      <Filter>shared\PWGM</Filter>
    </ClInclude>
    <ClInclude Include="..\shared\PWGM\CaeGridModel.h">
      <Filter>shared\PWGM</Filter>
    </ClInclude>
    <ClInclude Include="..\shared\PWGM\CaeUnsGridModel.h">
      <Filter>shared\PWGM</Filter>
    </ClInclude>
    <ClInclude Include="..\shared\PWGM\CaeUnsBlock.h">
      <Filter>shared\PWGM</Filter>
    </ClInclude>
    <ClInclude Include="..\shared\PWGM\CaeUnsElement.h">
      <Filter>shared\PWGM</Filter>
    </ClInclude>
    <ClInclude Include="..\shared\PWGM\CaeUnsElementGroup.h">
      <Filter>shared\PWGM</Filter>
    </ClInclude>
    <ClInclude Include="..\shared\PWGM\CaeUnsPatch.h">
      <Filter>shared\PWGM</Filter>
    </ClInclude>
    <ClInclude Include="..\shared\PWGM\CaeUnsVertex.h">
      <Filter>shared\PWGM</Filter>
    </ClInclude>
    <ClInclude Include="rtCaepInitItems.h" />
    <ClInclude Include="rtCaepInstanceData.h" />
    <ClInclude Include="rtCaepSupportData.h" />
    <ClInclude Include="rtPwpInitItems.h" />
    <ClInclude Include="rtPwpPluginInfo.h" />
    <ClInclude Include="rtPwpVersions.h" />
    <ClInclude Include="CaeUnsDualMesh.h" />
    <ClInclude Include="FanSorter.h" />
    <ClInclude Include="PluginTypes.h" />
  </ItemGroup>
  <ItemGroup>
    <CustomBuildStep Include="module.mk">
      <Filter>gmake</Filter>
    </CustomBuildStep>
  </ItemGroup>
</Project>